
Microsoft Visual Studio Solution File, Format Version 12.00
# Visual Studio Version 16
VisualStudioVersion = 25.0.1700.6
MinimumVisualStudioVersion = 10.0.40219.1
Project("{FAE04EC0-301F-11D3-BF4B-00C04F79EFBC}") = "RakhraSoft.Client", "RakhraSoft.Client\RakhraSoft.Client.csproj", "{7A42B03D-CB34-4D20-982E-75DB18F4312A}"
EndProject
Project("{FAE04EC0-301F-11D3-BF4B-00C04F79EFBC}") = "RakhraSoft.Web", "RakhraSoft.Web\RakhraSoft.Web.csproj", "{D99D447A-9D0A-42D3-93C5-7A6B485ED373}"
EndProject
Project("{FAE04EC0-301F-11D3-BF4B-00C04F79EFBC}") = "RakhraSoft.Models", "RakhraSoft.Models\RakhraSoft.Models.csproj", "{2173E0AA-8327-4576-891A-41E3E2AE661E}"
EndProject
Global
	GlobalSection(SolutionConfigurationPlatforms) = preSolution
		Debug|Any CPU = Debug|Any CPU
		Release|Any CPU = Release|Any CPU
	EndGlobalSection
	GlobalSection(ProjectConfigurationPlatforms) = postSolution
		{7A42B03D-CB34-4D20-982E-75DB18F4312A}.Debug|Any CPU.ActiveCfg = Debug|Any CPU
		{7A42B03D-CB34-4D20-982E-75DB18F4312A}.Debug|Any CPU.Build.0 = Debug|Any CPU
		{7A42B03D-CB34-4D20-982E-75DB18F4312A}.Release|Any CPU.ActiveCfg = Release|Any CPU
		{7A42B03D-CB34-4D20-982E-75DB18F4312A}.Release|Any CPU.Build.0 = Release|Any CPU
		{D99D447A-9D0A-42D3-93C5-7A6B485ED373}.Debug|Any CPU.ActiveCfg = Debug|Any CPU
		{D99D447A-9D0A-42D3-93C5-7A6B485ED373}.Debug|Any CPU.Build.0 = Debug|Any CPU
		{D99D447A-9D0A-42D3-93C5-7A6B485ED373}.Release|Any CPU.ActiveCfg = Release|Any CPU
		{D99D447A-9D0A-42D3-93C5-7A6B485ED373}.Release|Any CPU.Build.0 = Release|Any CPU
		{2173E0AA-8327-4576-891A-41E3E2AE661E}.Debug|Any CPU.ActiveCfg = Debug|Any CPU
		{2173E0AA-8327-4576-891A-41E3E2AE661E}.Debug|Any CPU.Build.0 = Debug|Any CPU
		{2173E0AA-8327-4576-891A-41E3E2AE661E}.Release|Any CPU.ActiveCfg = Release|Any CPU
		{2173E0AA-8327-4576-891A-41E3E2AE661E}.Release|Any CPU.Build.0 = Release|Any CPU
	EndGlobalSection
	GlobalSection(SolutionProperties) = preSolution
		HideSolutionNode = FALSE
	EndGlobalSection
	GlobalSection(ExtensibilityGlobals) = postSolution
		SolutionGuid = {D66E018D-AD1A-473F-A467-60FCC1790CD7}
	EndGlobalSection
EndGlobal
